
Microsoft Visual Studio Solution File, Format Version 12.00
# Visual Studio Version 17
VisualStudioVersion = 17.1.32210.238
MinimumVisualStudioVersion = 10.0.40219.1
Project("{9A19103F-16F7-4668-BE54-9A1E7A4F7556}") = "SoundMaker", "src\SoundMaker\SoundMaker.csproj", "{46C8CC05-368E-4A02-A128-C37E4AC8CDAC}"
EndProject
Project("{9A19103F-16F7-4668-BE54-9A1E7A4F7556}") = "SoundMakerTests", "test\SoundMakerTests.csproj", "{5D14FD06-A259-461A-B45F-EB69898F457C}"
EndProject
Project("{9A19103F-16F7-4668-BE54-9A1E7A4F7556}") = "SoundMakerConsole", "src\SoundMakerConsole\SoundMakerConsole.csproj", "{56C904EC-478C-4219-9599-63C1F2041DB4}"
EndProject
Global
	GlobalSection(SolutionConfigurationPlatforms) = preSolution
		Debug|Any CPU = Debug|Any CPU
		Release|Any CPU = Release|Any CPU
	EndGlobalSection
	GlobalSection(ProjectConfigurationPlatforms) = postSolution
		{46C8CC05-368E-4A02-A128-C37E4AC8CDAC}.Debug|Any CPU.ActiveCfg = Debug|Any CPU
		{46C8CC05-368E-4A02-A128-C37E4AC8CDAC}.Debug|Any CPU.Build.0 = Debug|Any CPU
		{46C8CC05-368E-4A02-A128-C37E4AC8CDAC}.Release|Any CPU.ActiveCfg = Release|Any CPU
		{46C8CC05-368E-4A02-A128-C37E4AC8CDAC}.Release|Any CPU.Build.0 = Release|Any CPU
		{5D14FD06-A259-461A-B45F-EB69898F457C}.Debug|Any CPU.ActiveCfg = Debug|Any CPU
		{5D14FD06-A259-461A-B45F-EB69898F457C}.Debug|Any CPU.Build.0 = Debug|Any CPU
		{5D14FD06-A259-461A-B45F-EB69898F457C}.Release|Any CPU.ActiveCfg = Release|Any CPU
		{5D14FD06-A259-461A-B45F-EB69898F457C}.Release|Any CPU.Build.0 = Release|Any CPU
		{56C904EC-478C-4219-9599-63C1F2041DB4}.Debug|Any CPU.ActiveCfg = Debug|Any CPU
		{56C904EC-478C-4219-9599-63C1F2041DB4}.Debug|Any CPU.Build.0 = Debug|Any CPU
		{56C904EC-478C-4219-9599-63C1F2041DB4}.Release|Any CPU.ActiveCfg = Release|Any CPU
		{56C904EC-478C-4219-9599-63C1F2041DB4}.Release|Any CPU.Build.0 = Release|Any CPU
	EndGlobalSection
	GlobalSection(SolutionProperties) = preSolution
		HideSolutionNode = FALSE
	EndGlobalSection
	GlobalSection(ExtensibilityGlobals) = postSolution
		SolutionGuid = {43EE256B-EFA7-4C29-8696-C9FE912D3F2D}
	EndGlobalSection
EndGlobal
